
Microsoft Visual Studio Solution File, Format Version 12.00
# Visual Studio 15
VisualStudioVersion = 15.0.27130.2036
MinimumVisualStudioVersion = 10.0.40219.1
Project("{FAE04EC0-301F-11D3-BF4B-00C04F79EFBC}") = "login", "login\login.csproj", "{9BE6D709-F740-4311-9A70-4C3897B28B0A}"
EndProject
Global
	GlobalSection(SolutionConfigurationPlatforms) = preSolution
		Debug|Any CPU = Debug|Any CPU
		Release|Any CPU = Release|Any CPU
	EndGlobalSection
	GlobalSection(ProjectConfigurationPlatforms) = postSolution
		{9BE6D709-F740-4311-9A70-4C3897B28B0A}.Debug|Any CPU.ActiveCfg = Debug|Any CPU
		{9BE6D709-F740-4311-9A70-4C3897B28B0A}.Debug|Any CPU.Build.0 = Debug|Any CPU
		{9BE6D709-F740-4311-9A70-4C3897B28B0A}.Release|Any CPU.ActiveCfg = Release|Any CPU
		{9BE6D709-F740-4311-9A70-4C3897B28B0A}.Release|Any CPU.Build.0 = Release|Any CPU
	EndGlobalSection
	GlobalSection(SolutionProperties) = preSolution
		HideSolutionNode = FALSE
	EndGlobalSection
	GlobalSection(ExtensibilityGlobals) = postSolution
		SolutionGuid = {14E3B965-D2B1-462E-ABAF-CECD8B5DE16E}
	EndGlobalSection
EndGlobal
